
Microsoft Visual Studio Solution File, Format Version 12.00
# Visual Studio Version 17
VisualStudioVersion = 17.2.32519.379
MinimumVisualStudioVersion = 10.0.40219.1
Project("{FAE04EC0-301F-11D3-BF4B-00C04F79EFBC}") = "Token", "Token\Token.csproj", "{55C71A3C-3FDB-4BCF-B30A-174A37CB6C01}"
EndProject
Global
	GlobalSection(SolutionConfigurationPlatforms) = preSolution
		Debug|Any CPU = Debug|Any CPU
		Release|Any CPU = Release|Any CPU
	EndGlobalSection
	GlobalSection(ProjectConfigurationPlatforms) = postSolution
		{55C71A3C-3FDB-4BCF-B30A-174A37CB6C01}.Debug|Any CPU.ActiveCfg = Debug|Any CPU
		{55C71A3C-3FDB-4BCF-B30A-174A37CB6C01}.Debug|Any CPU.Build.0 = Debug|Any CPU
		{55C71A3C-3FDB-4BCF-B30A-174A37CB6C01}.Release|Any CPU.ActiveCfg = Release|Any CPU
		{55C71A3C-3FDB-4BCF-B30A-174A37CB6C01}.Release|Any CPU.Build.0 = Release|Any CPU
	EndGlobalSection
	GlobalSection(SolutionProperties) = preSolution
		HideSolutionNode = FALSE
	EndGlobalSection
	GlobalSection(ExtensibilityGlobals) = postSolution
		SolutionGuid = {481838EC-9AE0-45A2-8E34-15CE77546805}
	EndGlobalSection
EndGlobal
